{
    "_readme": [
        "This file locks the dependencies of your project to a known state",
        "Read more about it at https://getcomposer.org/doc/01-basic-usage.md#installing-dependencies",
        "This file is @generated automatically"
    ],
    "content-hash": "651ce4f241a6adfaa13f4ee563a99c08",
    "packages": [
        {
            "name": "laravel/pint",
            "version": "v1.10.5",
            "source": {
                "type": "git",
                "url": "https://github.com/laravel/pint.git",
                "reference": "a458fb057bfa2f5a09888a8aa349610be807b0c3"
            },
            "dist": {
                "type": "zip",
                "url": "https://api.github.com/repos/laravel/pint/zipball/a458fb057bfa2f5a09888a8aa349610be807b0c3",
                "reference": "a458fb057bfa2f5a09888a8aa349610be807b0c3",
                "shasum": ""
            },
            "require": {
                "ext-json": "*",
                "ext-mbstring": "*",
                "ext-tokenizer": "*",
                "ext-xml": "*",
                "php": "^8.1.0"
            },
            "require-dev": {
                "friendsofphp/php-cs-fixer": "^3.21.1",
                "illuminate/view": "^10.5.1",
                "laravel-zero/framework": "^10.1.1",
                "mockery/mockery": "^1.5.1",
                "nunomaduro/larastan": "^2.5.1",
                "nunomaduro/termwind": "^1.15.1",
                "pestphp/pest": "^2.4.0"
            },
            "bin": [
                "builds/pint"
            ],
            "type": "project",
            "autoload": {
                "psr-4": {
                    "App\\": "app/",
                    "Database\\Seeders\\": "database/seeders/",
                    "Database\\Factories\\": "database/factories/"
                }
            },
            "notification-url": "https://packagist.org/downloads/",
            "license": [
                "MIT"
            ],
            "authors": [
                {
                    "name": "Nuno Maduro",
                    "email": "enunomaduro@gmail.com"
                }
            ],
            "description": "An opinionated code formatter for PHP.",
            "homepage": "https://laravel.com",
            "keywords": [
                "format",
                "formatter",
                "lint",
                "linter",
                "php"
            ],
            "support": {
                "issues": "https://github.com/laravel/pint/issues",
                "source": "https://github.com/laravel/pint"
            },
            "time": "2023-07-14T10:26:01+00:00"
        }
    ],
    "packages-dev": [],
    "aliases": [],
    "minimum-stability": "stable",
    "stability-flags": [],
    "prefer-stable": false,
    "prefer-lowest": false,
    "platform": [],
    "platform-dev": [],
    "plugin-api-version": "2.3.0"
}
